{
  "name": "jcrpbot",
  "version": "1.0.0",
  "lockfileVersion": 1,
  "requires": true,
  "dependencies": {
    "async-limiter": {
      "version": "1.0.0",
      "resolved": "http://registry.npm.taobao.org/async-limiter/download/async-limiter-1.0.0.tgz",
      "integrity": "sha1-ePrtjD0HSrgfIrTphdeehzj3IPg="
    },
    "discord.js": {
      "version": "11.5.1",
      "resolved": "https://registry.npm.taobao.org/discord.js/download/discord.js-11.5.1.tgz",
      "integrity": "sha1-kQ+59kEDKFgQk+BEyvtmF4Ok2eg=",
      "requires": {
        "long": "^4.0.0",
        "prism-media": "^0.0.3",
        "snekfetch": "^3.6.4",
        "tweetnacl": "^1.0.0",
        "ws": "^6.0.0"
      }
    },
    "long": {
      "version": "4.0.0",
      "resolved": "http://registry.npm.taobao.org/long/download/long-4.0.0.tgz",
      "integrity": "sha1-mntxz7fTYaGU6lVSQckvdGjVvyg="
    },
    "prism-media": {
      "version": "0.0.3",
      "resolved": "https://registry.npm.taobao.org/prism-media/download/prism-media-0.0.3.tgz",
      "integrity": "sha1-iELU+ugE8JnTtIqaOOPCurb0hVs="
    },
    "snekfetch": {
      "version": "3.6.4",
      "resolved": "http://registry.npm.taobao.org/snekfetch/download/snekfetch-3.6.4.tgz",
      "integrity": "sha1-0T6AphbYkvPTjarkKJ9NJYpkUSA="
    },
    "tweetnacl": {
      "version": "1.0.1",
      "resolved": "http://registry.npm.taobao.org/tweetnacl/download/tweetnacl-1.0.1.tgz",
      "integrity": "sha1-JZTULac80Da9DSpUaD3TWmtVyhc="
    },
    "ws": {
      "version": "6.2.1",
      "resolved": "https://registry.npm.taobao.org/ws/download/ws-6.2.1.tgz",
      "integrity": "sha1-RC/fCkftZPWbal2P8TD0dI7VJPs=",
      "requires": {
        "async-limiter": "~1.0.0"
      }
    }
  }
}
